
Microsoft Visual Studio Solution File, Format Version 12.00
# Visual Studio Version 17
VisualStudioVersion = 17.9.34902.65
MinimumVisualStudioVersion = 10.0.40219.1
Project("{FAE04EC0-301F-11D3-BF4B-00C04F79EFBC}") = "Hotel Cabins", "Hotel Cabins\Hotel Cabins.csproj", "{0D1B7C43-C8C2-470A-B63F-FDEEF534358B}"
EndProject
Global
	GlobalSection(SolutionConfigurationPlatforms) = preSolution
		Debug|Any CPU = Debug|Any CPU
		Release|Any CPU = Release|Any CPU
	EndGlobalSection
	GlobalSection(ProjectConfigurationPlatforms) = postSolution
		{0D1B7C43-C8C2-470A-B63F-FDEEF534358B}.Debug|Any CPU.ActiveCfg = Debug|Any CPU
		{0D1B7C43-C8C2-470A-B63F-FDEEF534358B}.Debug|Any CPU.Build.0 = Debug|Any CPU
		{0D1B7C43-C8C2-470A-B63F-FDEEF534358B}.Release|Any CPU.ActiveCfg = Release|Any CPU
		{0D1B7C43-C8C2-470A-B63F-FDEEF534358B}.Release|Any CPU.Build.0 = Release|Any CPU
	EndGlobalSection
	GlobalSection(SolutionProperties) = preSolution
		HideSolutionNode = FALSE
	EndGlobalSection
	GlobalSection(ExtensibilityGlobals) = postSolution
		SolutionGuid = {0856B2B2-1ED3-410D-BAEC-79D44B973097}
	EndGlobalSection
EndGlobal
